
Microsoft Visual Studio Solution File, Format Version 12.00
# Visual Studio Version 16
VisualStudioVersion = 16.0.32413.511
MinimumVisualStudioVersion = 10.0.40219.1
Project("{FAE04EC0-301F-11D3-BF4B-00C04F79EFBC}") = "test 12112022", "test 12112022\test 12112022.csproj", "{42695258-6ECD-414E-8CAC-BB24ECCAA339}"
EndProject
Global
	GlobalSection(SolutionConfigurationPlatforms) = preSolution
		Debug|Any CPU = Debug|Any CPU
		Release|Any CPU = Release|Any CPU
	EndGlobalSection
	GlobalSection(ProjectConfigurationPlatforms) = postSolution
		{42695258-6ECD-414E-8CAC-BB24ECCAA339}.Debug|Any CPU.ActiveCfg = Debug|Any CPU
		{42695258-6ECD-414E-8CAC-BB24ECCAA339}.Debug|Any CPU.Build.0 = Debug|Any CPU
		{42695258-6ECD-414E-8CAC-BB24ECCAA339}.Release|Any CPU.ActiveCfg = Release|Any CPU
		{42695258-6ECD-414E-8CAC-BB24ECCAA339}.Release|Any CPU.Build.0 = Release|Any CPU
	EndGlobalSection
	GlobalSection(SolutionProperties) = preSolution
		HideSolutionNode = FALSE
	EndGlobalSection
	GlobalSection(ExtensibilityGlobals) = postSolution
		SolutionGuid = {1F5948A0-0B72-4344-8034-FD95BA6A3CC1}
	EndGlobalSection
EndGlobal
